{
  "name": "discord-extensions",
  "version": "0.1.0",
  "lockfileVersion": 3,
  "requires": true,
  "packages": {
    "": {
      "name": "discord-extensions",
      "version": "0.1.0",
      "license": "UNLICENSED",
      "dependencies": {
        "adm-zip": "^0.5.16",
        "electron": "^32.0.0"
      },
      "devDependencies": {
        "@types/node": "^22.10.2",
        "electron-vite": "^2.3.0",
        "typescript": "^5.8.2"
      }
    }
  },
  "dependencies": {
    "adm-zip": {
      "version": "0.5.16",
      "resolved": "https://registry.npmjs.org/adm-zip/-/adm-zip-0.5.16.tgz",
      "integrity": "sha512-4fH1c2Y4b0g2rWQK7k4T8xg0fQ9Qx7m1h2j1Q1c7q6b1w3e2r0n8h4w6y1z2a3b4c5d6e7f8g9h0i1j2k3l4m5n6w=="
    },
    "electron": {
      "version": "32.0.0",
      "resolved": "https://registry.npmjs.org/electron/-/electron-32.0.0.tgz",
      "integrity": "sha512-3H1x7f1m2k8n4v6q9r0s5t2u1v7w4x8y3z6a1b9c0d2e5f8g1h4i7j0k3l6m9n2o5p8q1r4s7t0u3v6w9x2y5z8a1b=="
    }
  }
}
