{
  "name": "discord-extensions",
  "version": "0.1.0",
  "lockfileVersion": 3,
  "requires": true,
  "packages": {
    "": {
      "name": "discord-extensions",
      "version": "0.1.0",
      "license": "UNLICENSED",
      "dependencies": {
        "adm-zip": "^0.5.16",
        "electron": "^32.0.0"
      },
      "devDependencies": {
        "@types/node": "^22.10.2",
        "electron-vite": "^2.3.0",
        "typescript": "^5.8.2"
      }
    }
  },
  "dependencies": {}
}
